
Microsoft Visual Studio Solution File, Format Version 12.00
# Visual Studio 15
VisualStudioVersion = 15.0.28307.271
MinimumVisualStudioVersion = 10.0.40219.1
Project("{8BC9CEB8-8B4A-11D0-8D11-00A0C91BC942}") = "Parallel10", "Parallel10\Parallel10.vcxproj", "{FED35F82-F7E8-4F8B-939E-D30B3E115BDD}"
EndProject
Global
	GlobalSection(SolutionConfigurationPlatforms) = preSolution
		Debug|x64 = Debug|x64
		Debug|x86 = Debug|x86
		Release|x64 = Release|x64
		Release|x86 = Release|x86
	EndGlobalSection
	GlobalSection(ProjectConfigurationPlatforms) = postSolution
		{FED35F82-F7E8-4F8B-939E-D30B3E115BDD}.Debug|x64.ActiveCfg = Debug|x64
		{FED35F82-F7E8-4F8B-939E-D30B3E115BDD}.Debug|x64.Build.0 = Debug|x64
		{FED35F82-F7E8-4F8B-939E-D30B3E115BDD}.Debug|x86.ActiveCfg = Debug|Win32
		{FED35F82-F7E8-4F8B-939E-D30B3E115BDD}.Debug|x86.Build.0 = Debug|Win32
		{FED35F82-F7E8-4F8B-939E-D30B3E115BDD}.Release|x64.ActiveCfg = Release|x64
		{FED35F82-F7E8-4F8B-939E-D30B3E115BDD}.Release|x64.Build.0 = Release|x64
		{FED35F82-F7E8-4F8B-939E-D30B3E115BDD}.Release|x86.ActiveCfg = Release|Win32
		{FED35F82-F7E8-4F8B-939E-D30B3E115BDD}.Release|x86.Build.0 = Release|Win32
	EndGlobalSection
	GlobalSection(SolutionProperties) = preSolution
		HideSolutionNode = FALSE
	EndGlobalSection
	GlobalSection(ExtensibilityGlobals) = postSolution
		SolutionGuid = {F6AA1C8E-7DA2-41B0-83A8-2D0125D99D55}
	EndGlobalSection
EndGlobal
