
Microsoft Visual Studio Solution File, Format Version 12.00
# Visual Studio 15
VisualStudioVersion = 15.0.28307.271
MinimumVisualStudioVersion = 10.0.40219.1
Project("{8BC9CEB8-8B4A-11D0-8D11-00A0C91BC942}") = "HWMPI", "HWMPI\HWMPI.vcxproj", "{3828D530-2B43-44C4-B79E-6E3F250BF10B}"
EndProject
Global
	GlobalSection(SolutionConfigurationPlatforms) = preSolution
		Debug|x64 = Debug|x64
		Debug|x86 = Debug|x86
		Release|x64 = Release|x64
		Release|x86 = Release|x86
	EndGlobalSection
	GlobalSection(ProjectConfigurationPlatforms) = postSolution
		{3828D530-2B43-44C4-B79E-6E3F250BF10B}.Debug|x64.ActiveCfg = Debug|x64
		{3828D530-2B43-44C4-B79E-6E3F250BF10B}.Debug|x64.Build.0 = Debug|x64
		{3828D530-2B43-44C4-B79E-6E3F250BF10B}.Debug|x86.ActiveCfg = Debug|Win32
		{3828D530-2B43-44C4-B79E-6E3F250BF10B}.Debug|x86.Build.0 = Debug|Win32
		{3828D530-2B43-44C4-B79E-6E3F250BF10B}.Release|x64.ActiveCfg = Release|x64
		{3828D530-2B43-44C4-B79E-6E3F250BF10B}.Release|x64.Build.0 = Release|x64
		{3828D530-2B43-44C4-B79E-6E3F250BF10B}.Release|x86.ActiveCfg = Release|Win32
		{3828D530-2B43-44C4-B79E-6E3F250BF10B}.Release|x86.Build.0 = Release|Win32
	EndGlobalSection
	GlobalSection(SolutionProperties) = preSolution
		HideSolutionNode = FALSE
	EndGlobalSection
	GlobalSection(ExtensibilityGlobals) = postSolution
		SolutionGuid = {CC7CD05E-8606-4C3D-808C-90FA92847535}
	EndGlobalSection
EndGlobal
